// !$*UTF8*$!
{
	archiveVersion = 1;
	classes = {
	};
	objectVersion = 46;
	objects = {

/* Begin PBXBuildFile section */
		3187DB6A1A2AC3B50041AC98 /* ZTSettingsController.m in Sources */ = {isa = PBXBuildFile; fileRef = 3187DB691A2AC3B50041AC98 /* ZTSettingsController.m */; };
		3187DB6D1A2AC3C90041AC98 /* ZTChatController.m in Sources */ = {isa = PBXBuildFile; fileRef = 3187DB6C1A2AC3C90041AC98 /* ZTChatController.m */; };
		3187DB701A2AC3DC0041AC98 /* logo@2x.png in Resources */ = {isa = PBXBuildFile; fileRef = 3187DB6E1A2AC3DC0041AC98 /* logo@2x.png */; };
		3187DB711A2AC3DC0041AC98 /* update_captcha@2x.png in Resources */ = {isa = PBXBuildFile; fileRef = 3187DB6F1A2AC3DC0041AC98 /* update_captcha@2x.png */; };
		3187DB7C1A2AC3EB0041AC98 /* ZTCaptchaField.m in Sources */ = {isa = PBXBuildFile; fileRef = 3187DB731A2AC3EB0041AC98 /* ZTCaptchaField.m */; };
		3187DB7D1A2AC3EB0041AC98 /* ZTLoginButton.m in Sources */ = {isa = PBXBuildFile; fileRef = 3187DB751A2AC3EB0041AC98 /* ZTLoginButton.m */; };
		3187DB7E1A2AC3EB0041AC98 /* ZTLoginController.m in Sources */ = {isa = PBXBuildFile; fileRef = 3187DB771A2AC3EB0041AC98 /* ZTLoginController.m */; };
		3187DB7F1A2AC3EB0041AC98 /* ZTLoginField.m in Sources */ = {isa = PBXBuildFile; fileRef = 3187DB791A2AC3EB0041AC98 /* ZTLoginField.m */; };
		3187DB801A2AC3EB0041AC98 /* ZTPasswordField.m in Sources */ = {isa = PBXBuildFile; fileRef = 3187DB7B1A2AC3EB0041AC98 /* ZTPasswordField.m */; };
		3187DB871A2AC3FB0041AC98 /* ZTParser.m in Sources */ = {isa = PBXBuildFile; fileRef = 3187DB821A2AC3FB0041AC98 /* ZTParser.m */; };
		3187DB881A2AC3FB0041AC98 /* ZTRequester.m in Sources */ = {isa = PBXBuildFile; fileRef = 3187DB841A2AC3FB0041AC98 /* ZTRequester.m */; };
		3187DB891A2AC3FB0041AC98 /* ZTZhyk.m in Sources */ = {isa = PBXBuildFile; fileRef = 3187DB861A2AC3FB0041AC98 /* ZTZhyk.m */; };
		31E1CB9C1A63BEDD0021F2DB /* fthat.png in Resources */ = {isa = PBXBuildFile; fileRef = 31E1CB9B1A63BEDD0021F2DB /* fthat.png */; };
		31E1CB9E1A63F4400021F2DB /* parrot2.gif in Resources */ = {isa = PBXBuildFile; fileRef = 31E1CB9D1A63F4400021F2DB /* parrot2.gif */; };
		31EB99E11A00C9A900ACF27D /* main.m in Sources */ = {isa = PBXBuildFile; fileRef = 31EB99E01A00C9A900ACF27D /* main.m */; };
		31EB99E41A00C9A900ACF27D /* AppDelegate.m in Sources */ = {isa = PBXBuildFile; fileRef = 31EB99E31A00C9A900ACF27D /* AppDelegate.m */; };
		31EB99EA1A00C9A900ACF27D /* Main.storyboard in Resources */ = {isa = PBXBuildFile; fileRef = 31EB99E81A00C9A900ACF27D /* Main.storyboard */; };
		31EB99FB1A00C9A900ACF27D /* iZhykTests.m in Sources */ = {isa = PBXBuildFile; fileRef = 31EB99FA1A00C9A900ACF27D /* iZhykTests.m */; };
		31F2A7881A2895CC00AA0881 /* Images.xcassets in Resources */ = {isa = PBXBuildFile; fileRef = 31F2A7871A2895CC00AA0881 /* Images.xcassets */; };
		6F983615277BDB51059DCDA3 /* libPods.a in Frameworks */ = {isa = PBXBuildFile; fileRef = 86C7FADBC6035FAE751C4DA3 /* libPods.a */; };
/* End PBXBuildFile section */

/* Begin PBXContainerItemProxy section */
		31EB99F51A00C9A900ACF27D /* PBXContainerItemProxy */ = {
			isa = PBXContainerItemProxy;
			containerPortal = 31EB99D31A00C9A900ACF27D /* Project object */;
			proxyType = 1;
			remoteGlobalIDString = 31EB99DA1A00C9A900ACF27D;
			remoteInfo = iZhyk;
		};
/* End PBXContainerItemProxy section */

/* Begin PBXFileReference section */
		3187DB681A2AC3B50041AC98 /* ZTSettingsController.h */ = {isa = PBXFileReference; fileEncoding = 4; lastKnownFileType = sourcecode.c.h; name = ZTSettingsController.h; path = iZhyk/Settings/ZTSettingsController.h; sourceTree = "<group>"; };
		3187DB691A2AC3B50041AC98 /* ZTSettingsController.m */ = {isa = PBXFileReference; fileEncoding = 4; lastKnownFileType = sourcecode.c.objc; name = ZTSettingsController.m; path = iZhyk/Settings/ZTSettingsController.m; sourceTree = "<group>"; };
		3187DB6B1A2AC3C90041AC98 /* ZTChatController.h */ = {isa = PBXFileReference; fileEncoding = 4; lastKnownFileType = sourcecode.c.h; name = ZTChatController.h; path = iZhyk/Chat/ZTChatController.h; sourceTree = "<group>"; };
		3187DB6C1A2AC3C90041AC98 /* ZTChatController.m */ = {isa = PBXFileReference; fileEncoding = 4; lastKnownFileType = sourcecode.c.objc; name = ZTChatController.m; path = iZhyk/Chat/ZTChatController.m; sourceTree = "<group>"; };
		3187DB6E1A2AC3DC0041AC98 /* logo@2x.png */ = {isa = PBXFileReference; lastKnownFileType = image.png; name = "logo@2x.png"; path = "iZhyk/img/logo@2x.png"; sourceTree = "<group>"; };
		3187DB6F1A2AC3DC0041AC98 /* update_captcha@2x.png */ = {isa = PBXFileReference; lastKnownFileType = image.png; name = "update_captcha@2x.png"; path = "iZhyk/img/update_captcha@2x.png"; sourceTree = "<group>"; };
		3187DB721A2AC3EB0041AC98 /* ZTCaptchaField.h */ = {isa = PBXFileReference; fileEncoding = 4; lastKnownFileType = sourcecode.c.h; name = ZTCaptchaField.h; path = iZhyk/Login/ZTCaptchaField.h; sourceTree = "<group>"; };
		3187DB731A2AC3EB0041AC98 /* ZTCaptchaField.m */ = {isa = PBXFileReference; fileEncoding = 4; lastKnownFileType = sourcecode.c.objc; name = ZTCaptchaField.m; path = iZhyk/Login/ZTCaptchaField.m; sourceTree = "<group>"; };
		3187DB741A2AC3EB0041AC98 /* ZTLoginButton.h */ = {isa = PBXFileReference; fileEncoding = 4; lastKnownFileType = sourcecode.c.h; name = ZTLoginButton.h; path = iZhyk/Login/ZTLoginButton.h; sourceTree = "<group>"; };
		3187DB751A2AC3EB0041AC98 /* ZTLoginButton.m */ = {isa = PBXFileReference; fileEncoding = 4; lastKnownFileType = sourcecode.c.objc; name = ZTLoginButton.m; path = iZhyk/Login/ZTLoginButton.m; sourceTree = "<group>"; };
		3187DB761A2AC3EB0041AC98 /* ZTLoginController.h */ = {isa = PBXFileReference; fileEncoding = 4; lastKnownFileType = sourcecode.c.h; name = ZTLoginController.h; path = iZhyk/Login/ZTLoginController.h; sourceTree = "<group>"; };
		3187DB771A2AC3EB0041AC98 /* ZTLoginController.m */ = {isa = PBXFileReference; fileEncoding = 4; lastKnownFileType = sourcecode.c.objc; name = ZTLoginController.m; path = iZhyk/Login/ZTLoginController.m; sourceTree = "<group>"; };
		3187DB781A2AC3EB0041AC98 /* ZTLoginField.h */ = {isa = PBXFileReference; fileEncoding = 4; lastKnownFileType = sourcecode.c.h; name = ZTLoginField.h; path = iZhyk/Login/ZTLoginField.h; sourceTree = "<group>"; };
		3187DB791A2AC3EB0041AC98 /* ZTLoginField.m */ = {isa = PBXFileReference; fileEncoding = 4; lastKnownFileType = sourcecode.c.objc; name = ZTLoginField.m; path = iZhyk/Login/ZTLoginField.m; sourceTree = "<group>"; };
		3187DB7A1A2AC3EB0041AC98 /* ZTPasswordField.h */ = {isa = PBXFileReference; fileEncoding = 4; lastKnownFileType = sourcecode.c.h; name = ZTPasswordField.h; path = iZhyk/Login/ZTPasswordField.h; sourceTree = "<group>"; };
		3187DB7B1A2AC3EB0041AC98 /* ZTPasswordField.m */ = {isa = PBXFileReference; fileEncoding = 4; lastKnownFileType = sourcecode.c.objc; name = ZTPasswordField.m; path = iZhyk/Login/ZTPasswordField.m; sourceTree = "<group>"; };
		3187DB811A2AC3FB0041AC98 /* ZTParser.h */ = {isa = PBXFileReference; fileEncoding = 4; lastKnownFileType = sourcecode.c.h; name = ZTParser.h; path = iZhyk/utils/ZTParser.h; sourceTree = "<group>"; };
		3187DB821A2AC3FB0041AC98 /* ZTParser.m */ = {isa = PBXFileReference; fileEncoding = 4; lastKnownFileType = sourcecode.c.objc; name = ZTParser.m; path = iZhyk/utils/ZTParser.m; sourceTree = "<group>"; };
		3187DB831A2AC3FB0041AC98 /* ZTRequester.h */ = {isa = PBXFileReference; fileEncoding = 4; lastKnownFileType = sourcecode.c.h; name = ZTRequester.h; path = iZhyk/utils/ZTRequester.h; sourceTree = "<group>"; };
		3187DB841A2AC3FB0041AC98 /* ZTRequester.m */ = {isa = PBXFileReference; fileEncoding = 4; lastKnownFileType = sourcecode.c.objc; name = ZTRequester.m; path = iZhyk/utils/ZTRequester.m; sourceTree = "<group>"; };
		3187DB851A2AC3FB0041AC98 /* ZTZhyk.h */ = {isa = PBXFileReference; fileEncoding = 4; lastKnownFileType = sourcecode.c.h; name = ZTZhyk.h; path = iZhyk/utils/ZTZhyk.h; sourceTree = "<group>"; };
		3187DB861A2AC3FB0041AC98 /* ZTZhyk.m */ = {isa = PBXFileReference; fileEncoding = 4; lastKnownFileType = sourcecode.c.objc; name = ZTZhyk.m; path = iZhyk/utils/ZTZhyk.m; sourceTree = "<group>"; };
		31E1CB9B1A63BEDD0021F2DB /* fthat.png */ = {isa = PBXFileReference; lastKnownFileType = image.png; path = fthat.png; sourceTree = "<group>"; };
		31E1CB9D1A63F4400021F2DB /* parrot2.gif */ = {isa = PBXFileReference; lastKnownFileType = image.gif; path = parrot2.gif; sourceTree = "<group>"; };
		31EB99DB1A00C9A900ACF27D /* iZhyk.app */ = {isa = PBXFileReference; explicitFileType = wrapper.application; includeInIndex = 0; path = iZhyk.app; sourceTree = BUILT_PRODUCTS_DIR; };
		31EB99DF1A00C9A900ACF27D /* Info.plist */ = {isa = PBXFileReference; lastKnownFileType = text.plist.xml; path = Info.plist; sourceTree = "<group>"; };
		31EB99E01A00C9A900ACF27D /* main.m */ = {isa = PBXFileReference; lastKnownFileType = sourcecode.c.objc; path = main.m; sourceTree = "<group>"; };
		31EB99E21A00C9A900ACF27D /* AppDelegate.h */ = {isa = PBXFileReference; lastKnownFileType = sourcecode.c.h; path = AppDelegate.h; sourceTree = "<group>"; };
		31EB99E31A00C9A900ACF27D /* AppDelegate.m */ = {isa = PBXFileReference; lastKnownFileType = sourcecode.c.objc; path = AppDelegate.m; sourceTree = "<group>"; };
		31EB99E91A00C9A900ACF27D /* Base */ = {isa = PBXFileReference; lastKnownFileType = file.storyboard; name = Base; path = Base.lproj/Main.storyboard; sourceTree = "<group>"; };
		31EB99F41A00C9A900ACF27D /* iZhykTests.xctest */ = {isa = PBXFileReference; explicitFileType = wrapper.cfbundle; includeInIndex = 0; path = iZhykTests.xctest; sourceTree = BUILT_PRODUCTS_DIR; };
		31EB99F91A00C9A900ACF27D /* Info.plist */ = {isa = PBXFileReference; lastKnownFileType = text.plist.xml; path = Info.plist; sourceTree = "<group>"; };
		31EB99FA1A00C9A900ACF27D /* iZhykTests.m */ = {isa = PBXFileReference; lastKnownFileType = sourcecode.c.objc; path = iZhykTests.m; sourceTree = "<group>"; };
		31F2A7871A2895CC00AA0881 /* Images.xcassets */ = {isa = PBXFileReference; lastKnownFileType = folder.assetcatalog; path = Images.xcassets; sourceTree = "<group>"; };
		6493442F7859BCF942E46BCC /* Pods.release.xcconfig */ = {isa = PBXFileReference; includeInIndex = 1; lastKnownFileType = text.xcconfig; name = Pods.release.xcconfig; path = "Pods/Target Support Files/Pods/Pods.release.xcconfig"; sourceTree = "<group>"; };
		86C7FADBC6035FAE751C4DA3 /* libPods.a */ = {isa = PBXFileReference; explicitFileType = archive.ar; includeInIndex = 0; path = libPods.a; sourceTree = BUILT_PRODUCTS_DIR; };
		8C07F9BC1E83832C241489DD /* Pods.debug.xcconfig */ = {isa = PBXFileReference; includeInIndex = 1; lastKnownFileType = text.xcconfig; name = Pods.debug.xcconfig; path = "Pods/Target Support Files/Pods/Pods.debug.xcconfig"; sourceTree = "<group>"; };
/* End PBXFileReference section */

/* Begin PBXFrameworksBuildPhase section */
		31EB99D81A00C9A900ACF27D /* Frameworks */ = {
			isa = PBXFrameworksBuildPhase;
			buildActionMask = 2147483647;
			files = (
				6F983615277BDB51059DCDA3 /* libPods.a in Frameworks */,
			);
			runOnlyForDeploymentPostprocessing = 0;
		};
		31EB99F11A00C9A900ACF27D /* Frameworks */ = {
			isa = PBXFrameworksBuildPhase;
			buildActionMask = 2147483647;
			files = (
			);
			runOnlyForDeploymentPostprocessing = 0;
		};
/* End PBXFrameworksBuildPhase section */

/* Begin PBXGroup section */
		311EBF0D1A240C6D000CC067 /* img */ = {
			isa = PBXGroup;
			children = (
				3187DB6E1A2AC3DC0041AC98 /* logo@2x.png */,
				3187DB6F1A2AC3DC0041AC98 /* update_captcha@2x.png */,
			);
			name = img;
			sourceTree = "<group>";
		};
		31E1CB9A1A63BECD0021F2DB /* smiles */ = {
			isa = PBXGroup;
			children = (
				31E1CB9D1A63F4400021F2DB /* parrot2.gif */,
				31E1CB9B1A63BEDD0021F2DB /* fthat.png */,
			);
			name = smiles;
			path = iZhyk/smiles;
			sourceTree = "<group>";
		};
		31EB99D21A00C9A900ACF27D = {
			isa = PBXGroup;
			children = (
				31E1CB9A1A63BECD0021F2DB /* smiles */,
				31F347FB1A25FDD8004A2045 /* Settings */,
				31F347F71A248AD7004A2045 /* Chat */,
				311EBF0D1A240C6D000CC067 /* img */,
				31F4349E1A22231D00DBF480 /* Login */,
				31EB9A041A00C9BA00ACF27D /* utils */,
				31EB99DD1A00C9A900ACF27D /* iZhyk */,
				31EB99F71A00C9A900ACF27D /* iZhykTests */,
				31EB99DC1A00C9A900ACF27D /* Products */,
				343B82AC6C6F32848FB9F9D8 /* Pods */,
				47D49A61F386611157C5F3D0 /* Frameworks */,
			);
			sourceTree = "<group>";
		};
		31EB99DC1A00C9A900ACF27D /* Products */ = {
			isa = PBXGroup;
			children = (
				31EB99DB1A00C9A900ACF27D /* iZhyk.app */,
				31EB99F41A00C9A900ACF27D /* iZhykTests.xctest */,
			);
			name = Products;
			sourceTree = "<group>";
		};
		31EB99DD1A00C9A900ACF27D /* iZhyk */ = {
			isa = PBXGroup;
			children = (
				31EB99E21A00C9A900ACF27D /* AppDelegate.h */,
				31EB99E31A00C9A900ACF27D /* AppDelegate.m */,
				31EB99E81A00C9A900ACF27D /* Main.storyboard */,
				31F2A7871A2895CC00AA0881 /* Images.xcassets */,
				31EB99DE1A00C9A900ACF27D /* Supporting Files */,
			);
			path = iZhyk;
			sourceTree = "<group>";
		};
		31EB99DE1A00C9A900ACF27D /* Supporting Files */ = {
			isa = PBXGroup;
			children = (
				31EB99DF1A00C9A900ACF27D /* Info.plist */,
				31EB99E01A00C9A900ACF27D /* main.m */,
			);
			name = "Supporting Files";
			sourceTree = "<group>";
		};
		31EB99F71A00C9A900ACF27D /* iZhykTests */ = {
			isa = PBXGroup;
			children = (
				31EB99FA1A00C9A900ACF27D /* iZhykTests.m */,
				31EB99F81A00C9A900ACF27D /* Supporting Files */,
			);
			path = iZhykTests;
			sourceTree = "<group>";
		};
		31EB99F81A00C9A900ACF27D /* Supporting Files */ = {
			isa = PBXGroup;
			children = (
				31EB99F91A00C9A900ACF27D /* Info.plist */,
			);
			name = "Supporting Files";
			sourceTree = "<group>";
		};
		31EB9A041A00C9BA00ACF27D /* utils */ = {
			isa = PBXGroup;
			children = (
				3187DB811A2AC3FB0041AC98 /* ZTParser.h */,
				3187DB821A2AC3FB0041AC98 /* ZTParser.m */,
				3187DB831A2AC3FB0041AC98 /* ZTRequester.h */,
				3187DB841A2AC3FB0041AC98 /* ZTRequester.m */,
				3187DB851A2AC3FB0041AC98 /* ZTZhyk.h */,
				3187DB861A2AC3FB0041AC98 /* ZTZhyk.m */,
			);
			name = utils;
			sourceTree = "<group>";
		};
		31F347F71A248AD7004A2045 /* Chat */ = {
			isa = PBXGroup;
			children = (
				3187DB6B1A2AC3C90041AC98 /* ZTChatController.h */,
				3187DB6C1A2AC3C90041AC98 /* ZTChatController.m */,
			);
			name = Chat;
			sourceTree = "<group>";
		};
		31F347FB1A25FDD8004A2045 /* Settings */ = {
			isa = PBXGroup;
			children = (
				3187DB681A2AC3B50041AC98 /* ZTSettingsController.h */,
				3187DB691A2AC3B50041AC98 /* ZTSettingsController.m */,
			);
			name = Settings;
			sourceTree = "<group>";
		};
		31F4349E1A22231D00DBF480 /* Login */ = {
			isa = PBXGroup;
			children = (
				3187DB721A2AC3EB0041AC98 /* ZTCaptchaField.h */,
				3187DB731A2AC3EB0041AC98 /* ZTCaptchaField.m */,
				3187DB741A2AC3EB0041AC98 /* ZTLoginButton.h */,
				3187DB751A2AC3EB0041AC98 /* ZTLoginButton.m */,
				3187DB761A2AC3EB0041AC98 /* ZTLoginController.h */,
				3187DB771A2AC3EB0041AC98 /* ZTLoginController.m */,
				3187DB781A2AC3EB0041AC98 /* ZTLoginField.h */,
				3187DB791A2AC3EB0041AC98 /* ZTLoginField.m */,
				3187DB7A1A2AC3EB0041AC98 /* ZTPasswordField.h */,
				3187DB7B1A2AC3EB0041AC98 /* ZTPasswordField.m */,
			);
			name = Login;
			sourceTree = "<group>";
		};
		343B82AC6C6F32848FB9F9D8 /* Pods */ = {
			isa = PBXGroup;
			children = (
				8C07F9BC1E83832C241489DD /* Pods.debug.xcconfig */,
				6493442F7859BCF942E46BCC /* Pods.release.xcconfig */,
			);
			name = Pods;
			sourceTree = "<group>";
		};
		47D49A61F386611157C5F3D0 /* Frameworks */ = {
			isa = PBXGroup;
			children = (
				86C7FADBC6035FAE751C4DA3 /* libPods.a */,
			);
			name = Frameworks;
			sourceTree = "<group>";
		};
/* End PBXGroup section */

/* Begin PBXNativeTarget section */
		31EB99DA1A00C9A900ACF27D /* iZhyk */ = {
			isa = PBXNativeTarget;
			buildConfigurationList = 31EB99FE1A00C9A900ACF27D /* Build configuration list for PBXNativeTarget "iZhyk" */;
			buildPhases = (
				201F9478C2DDF1743767A287 /* Check Pods Manifest.lock */,
				31EB99D71A00C9A900ACF27D /* Sources */,
				31EB99D81A00C9A900ACF27D /* Frameworks */,
				31EB99D91A00C9A900ACF27D /* Resources */,
				51E242AC2AD7F199050F2F70 /* Copy Pods Resources */,
			);
			buildRules = (
			);
			dependencies = (
			);
			name = iZhyk;
			productName = iZhyk;
			productReference = 31EB99DB1A00C9A900ACF27D /* iZhyk.app */;
			productType = "com.apple.product-type.application";
		};
		31EB99F31A00C9A900ACF27D /* iZhykTests */ = {
			isa = PBXNativeTarget;
			buildConfigurationList = 31EB9A011A00C9A900ACF27D /* Build configuration list for PBXNativeTarget "iZhykTests" */;
			buildPhases = (
				31EB99F01A00C9A900ACF27D /* Sources */,
				31EB99F11A00C9A900ACF27D /* Frameworks */,
				31EB99F21A00C9A900ACF27D /* Resources */,
			);
			buildRules = (
			);
			dependencies = (
				31EB99F61A00C9A900ACF27D /* PBXTargetDependency */,
			);
			name = iZhykTests;
			productName = iZhykTests;
			productReference = 31EB99F41A00C9A900ACF27D /* iZhykTests.xctest */;
			productType = "com.apple.product-type.bundle.unit-test";
		};
/* End PBXNativeTarget section */

/* Begin PBXProject section */
		31EB99D31A00C9A900ACF27D /* Project object */ = {
			isa = PBXProject;
			attributes = {
				LastUpgradeCheck = 0610;
				ORGANIZATIONNAME = Farpost;
				TargetAttributes = {
					31EB99DA1A00C9A900ACF27D = {
						CreatedOnToolsVersion = 6.1;
						DevelopmentTeam = 44FPHB4323;
					};
					31EB99F31A00C9A900ACF27D = {
						CreatedOnToolsVersion = 6.1;
						TestTargetID = 31EB99DA1A00C9A900ACF27D;
					};
				};
			};
			buildConfigurationList = 31EB99D61A00C9A900ACF27D /* Build configuration list for PBXProject "iZhyk" */;
			compatibilityVersion = "Xcode 3.2";
			developmentRegion = English;
			hasScannedForEncodings = 0;
			knownRegions = (
				en,
				Base,
			);
			mainGroup = 31EB99D21A00C9A900ACF27D;
			productRefGroup = 31EB99DC1A00C9A900ACF27D /* Products */;
			projectDirPath = "";
			projectRoot = "";
			targets = (
				31EB99DA1A00C9A900ACF27D /* iZhyk */,
				31EB99F31A00C9A900ACF27D /* iZhykTests */,
			);
		};
/* End PBXProject section */

/* Begin PBXResourcesBuildPhase section */
		31EB99D91A00C9A900ACF27D /* Resources */ = {
			isa = PBXResourcesBuildPhase;
			buildActionMask = 2147483647;
			files = (
				3187DB711A2AC3DC0041AC98 /* update_captcha@2x.png in Resources */,
				31EB99EA1A00C9A900ACF27D /* Main.storyboard in Resources */,
				3187DB701A2AC3DC0041AC98 /* logo@2x.png in Resources */,
				31E1CB9C1A63BEDD0021F2DB /* fthat.png in Resources */,
				31F2A7881A2895CC00AA0881 /* Images.xcassets in Resources */,
				31E1CB9E1A63F4400021F2DB /* parrot2.gif in Resources */,
			);
			runOnlyForDeploymentPostprocessing = 0;
		};
		31EB99F21A00C9A900ACF27D /* Resources */ = {
			isa = PBXResourcesBuildPhase;
			buildActionMask = 2147483647;
			files = (
			);
			runOnlyForDeploymentPostprocessing = 0;
		};
/* End PBXResourcesBuildPhase section */

/* Begin PBXShellScriptBuildPhase section */
		201F9478C2DDF1743767A287 /* Check Pods Manifest.lock */ = {
			isa = PBXShellScriptBuildPhase;
			buildActionMask = 2147483647;
			files = (
			);
			inputPaths = (
			);
			name = "Check Pods Manifest.lock";
			outputPaths = (
			);
			runOnlyForDeploymentPostprocessing = 0;
			shellPath = /bin/sh;
			shellScript = "diff \"${PODS_ROOT}/../Podfile.lock\" \"${PODS_ROOT}/Manifest.lock\" > /dev/null\nif [[ $? != 0 ]] ; then\n    cat << EOM\nerror: The sandbox is not in sync with the Podfile.lock. Run 'pod install' or update your CocoaPods installation.\nEOM\n    exit 1\nfi\n";
			showEnvVarsInLog = 0;
		};
		51E242AC2AD7F199050F2F70 /* Copy Pods Resources */ = {
			isa = PBXShellScriptBuildPhase;
			buildActionMask = 2147483647;
			files = (
			);
			inputPaths = (
			);
			name = "Copy Pods Resources";
			outputPaths = (
			);
			runOnlyForDeploymentPostprocessing = 0;
			shellPath = /bin/sh;
			shellScript = "\"${SRCROOT}/Pods/Target Support Files/Pods/Pods-resources.sh\"\n";
			showEnvVarsInLog = 0;
		};
/* End PBXShellScriptBuildPhase section */

/* Begin PBXSourcesBuildPhase section */
		31EB99D71A00C9A900ACF27D /* Sources */ = {
			isa = PBXSourcesBuildPhase;
			buildActionMask = 2147483647;
			files = (
				3187DB871A2AC3FB0041AC98 /* ZTParser.m in Sources */,
				3187DB881A2AC3FB0041AC98 /* ZTRequester.m in Sources */,
				3187DB7E1A2AC3EB0041AC98 /* ZTLoginController.m in Sources */,
				31EB99E41A00C9A900ACF27D /* AppDelegate.m in Sources */,
				3187DB801A2AC3EB0041AC98 /* ZTPasswordField.m in Sources */,
				3187DB6A1A2AC3B50041AC98 /* ZTSettingsController.m in Sources */,
				31EB99E11A00C9A900ACF27D /* main.m in Sources */,
				3187DB891A2AC3FB0041AC98 /* ZTZhyk.m in Sources */,
				3187DB7F1A2AC3EB0041AC98 /* ZTLoginField.m in Sources */,
				3187DB7D1A2AC3EB0041AC98 /* ZTLoginButton.m in Sources */,
				3187DB7C1A2AC3EB0041AC98 /* ZTCaptchaField.m in Sources */,
				3187DB6D1A2AC3C90041AC98 /* ZTChatController.m in Sources */,
			);
			runOnlyForDeploymentPostprocessing = 0;
		};
		31EB99F01A00C9A900ACF27D /* Sources */ = {
			isa = PBXSourcesBuildPhase;
			buildActionMask = 2147483647;
			files = (
				31EB99FB1A00C9A900ACF27D /* iZhykTests.m in Sources */,
			);
			runOnlyForDeploymentPostprocessing = 0;
		};
/* End PBXSourcesBuildPhase section */

/* Begin PBXTargetDependency section */
		31EB99F61A00C9A900ACF27D /* PBXTargetDependency */ = {
			isa = PBXTargetDependency;
			target = 31EB99DA1A00C9A900ACF27D /* iZhyk */;
			targetProxy = 31EB99F51A00C9A900ACF27D /* PBXContainerItemProxy */;
		};
/* End PBXTargetDependency section */

/* Begin PBXVariantGroup section */
		31EB99E81A00C9A900ACF27D /* Main.storyboard */ = {
			isa = PBXVariantGroup;
			children = (
				31EB99E91A00C9A900ACF27D /* Base */,
			);
			name = Main.storyboard;
			sourceTree = "<group>";
		};
/* End PBXVariantGroup section */

/* Begin XCBuildConfiguration section */
		31EB99FC1A00C9A900ACF27D /* Debug */ = {
			isa = XCBuildConfiguration;
			buildSettings = {
				ALWAYS_SEARCH_USER_PATHS = NO;
				CLANG_CXX_LANGUAGE_STANDARD = "gnu++0x";
				CLANG_CXX_LIBRARY = "libc++";
				CLANG_ENABLE_MODULES = YES;
				CLANG_ENABLE_OBJC_ARC = YES;
				CLANG_WARN_BOOL_CONVERSION = YES;
				CLANG_WARN_CONSTANT_CONVERSION = YES;
				CLANG_WARN_DIRECT_OBJC_ISA_USAGE = YES_ERROR;
				CLANG_WARN_EMPTY_BODY = YES;
				CLANG_WARN_ENUM_CONVERSION = YES;
				CLANG_WARN_INT_CONVERSION = YES;
				CLANG_WARN_OBJC_ROOT_CLASS = YES_ERROR;
				CLANG_WARN_UNREACHABLE_CODE = YES;
				CLANG_WARN__DUPLICATE_METHOD_MATCH = YES;
				"CODE_SIGN_IDENTITY[sdk=iphoneos*]" = "iPhone Developer";
				COPY_PHASE_STRIP = NO;
				ENABLE_STRICT_OBJC_MSGSEND = YES;
				GCC_C_LANGUAGE_STANDARD = gnu99;
				GCC_DYNAMIC_NO_PIC = NO;
				GCC_OPTIMIZATION_LEVEL = 0;
				GCC_PREPROCESSOR_DEFINITIONS = (
					"DEBUG=1",
					"$(inherited)",
				);
				GCC_SYMBOLS_PRIVATE_EXTERN = NO;
				GCC_WARN_64_TO_32_BIT_CONVERSION = YES;
				GCC_WARN_ABOUT_RETURN_TYPE = YES_ERROR;
				GCC_WARN_UNDECLARED_SELECTOR = YES;
				GCC_WARN_UNINITIALIZED_AUTOS = YES_AGGRESSIVE;
				GCC_WARN_UNUSED_FUNCTION = YES;
				GCC_WARN_UNUSED_VARIABLE = YES;
				IPHONEOS_DEPLOYMENT_TARGET = 8.1;
				MTL_ENABLE_DEBUG_INFO = YES;
				ONLY_ACTIVE_ARCH = YES;
				SDKROOT = iphoneos;
			};
			name = Debug;
		};
		31EB99FD1A00C9A900ACF27D /* Release */ = {
			isa = XCBuildConfiguration;
			buildSettings = {
				ALWAYS_SEARCH_USER_PATHS = NO;
				CLANG_CXX_LANGUAGE_STANDARD = "gnu++0x";
				CLANG_CXX_LIBRARY = "libc++";
				CLANG_ENABLE_MODULES = YES;
				CLANG_ENABLE_OBJC_ARC = YES;
				CLANG_WARN_BOOL_CONVERSION = YES;
				CLANG_WARN_CONSTANT_CONVERSION = YES;
				CLANG_WARN_DIRECT_OBJC_ISA_USAGE = YES_ERROR;
				CLANG_WARN_EMPTY_BODY = YES;
				CLANG_WARN_ENUM_CONVERSION = YES;
				CLANG_WARN_INT_CONVERSION = YES;
				CLANG_WARN_OBJC_ROOT_CLASS = YES_ERROR;
				CLANG_WARN_UNREACHABLE_CODE = YES;
				CLANG_WARN__DUPLICATE_METHOD_MATCH = YES;
				"CODE_SIGN_IDENTITY[sdk=iphoneos*]" = "iPhone Developer";
				COPY_PHASE_STRIP = YES;
				ENABLE_NS_ASSERTIONS = NO;
				ENABLE_STRICT_OBJC_MSGSEND = YES;
				GCC_C_LANGUAGE_STANDARD = gnu99;
				GCC_WARN_64_TO_32_BIT_CONVERSION = YES;
				GCC_WARN_ABOUT_RETURN_TYPE = YES_ERROR;
				GCC_WARN_UNDECLARED_SELECTOR = YES;
				GCC_WARN_UNINITIALIZED_AUTOS = YES_AGGRESSIVE;
				GCC_WARN_UNUSED_FUNCTION = YES;
				GCC_WARN_UNUSED_VARIABLE = YES;
				IPHONEOS_DEPLOYMENT_TARGET = 8.1;
				MTL_ENABLE_DEBUG_INFO = NO;
				SDKROOT = iphoneos;
				VALIDATE_PRODUCT = YES;
			};
			name = Release;
		};
		31EB99FF1A00C9A900ACF27D /* Debug */ = {
			isa = XCBuildConfiguration;
			baseConfigurationReference = 8C07F9BC1E83832C241489DD /* Pods.debug.xcconfig */;
			buildSettings = {
				ASSETCATALOG_COMPILER_APPICON_NAME = AppIcon;
				ASSETCATALOG_COMPILER_LAUNCHIMAGE_NAME = LaunchImage;
				CODE_SIGN_IDENTITY = "iPhone Developer";
				INFOPLIST_FILE = iZhyk/Info.plist;
				IPHONEOS_DEPLOYMENT_TARGET = 7.0;
				LD_RUNPATH_SEARCH_PATHS = "$(inherited) @executable_path/Frameworks";
				PRODUCT_NAME = "$(TARGET_NAME)";
				TARGETED_DEVICE_FAMILY = "1,2";
			};
			name = Debug;
		};
		31EB9A001A00C9A900ACF27D /* Release */ = {
			isa = XCBuildConfiguration;
			baseConfigurationReference = 6493442F7859BCF942E46BCC /* Pods.release.xcconfig */;
			buildSettings = {
				ASSETCATALOG_COMPILER_APPICON_NAME = AppIcon;
				ASSETCATALOG_COMPILER_LAUNCHIMAGE_NAME = LaunchImage;
				CODE_SIGN_IDENTITY = "iPhone Developer";
				INFOPLIST_FILE = iZhyk/Info.plist;
				IPHONEOS_DEPLOYMENT_TARGET = 7.0;
				LD_RUNPATH_SEARCH_PATHS = "$(inherited) @executable_path/Frameworks";
				PRODUCT_NAME = "$(TARGET_NAME)";
				TARGETED_DEVICE_FAMILY = "1,2";
			};
			name = Release;
		};
		31EB9A021A00C9A900ACF27D /* Debug */ = {
			isa = XCBuildConfiguration;
			buildSettings = {
				BUNDLE_LOADER = "$(TEST_HOST)";
				FRAMEWORK_SEARCH_PATHS = (
					"$(SDKROOT)/Developer/Library/Frameworks",
					"$(inherited)",
				);
				GCC_PREPROCESSOR_DEFINITIONS = (
					"DEBUG=1",
					"$(inherited)",
				);
				INFOPLIST_FILE = iZhykTests/Info.plist;
				LD_RUNPATH_SEARCH_PATHS = "$(inherited) @executable_path/Frameworks @loader_path/Frameworks";
				PRODUCT_NAME = "$(TARGET_NAME)";
				TEST_HOST = "$(BUILT_PRODUCTS_DIR)/iZhyk.app/iZhyk";
			};
			name = Debug;
		};
		31EB9A031A00C9A900ACF27D /* Release */ = {
			isa = XCBuildConfiguration;
			buildSettings = {
				BUNDLE_LOADER = "$(TEST_HOST)";
				FRAMEWORK_SEARCH_PATHS = (
					"$(SDKROOT)/Developer/Library/Frameworks",
					"$(inherited)",
				);
				INFOPLIST_FILE = iZhykTests/Info.plist;
				LD_RUNPATH_SEARCH_PATHS = "$(inherited) @executable_path/Frameworks @loader_path/Frameworks";
				PRODUCT_NAME = "$(TARGET_NAME)";
				TEST_HOST = "$(BUILT_PRODUCTS_DIR)/iZhyk.app/iZhyk";
			};
			name = Release;
		};
/* End XCBuildConfiguration section */

/* Begin XCConfigurationList section */
		31EB99D61A00C9A900ACF27D /* Build configuration list for PBXProject "iZhyk" */ = {
			isa = XCConfigurationList;
			buildConfigurations = (
				31EB99FC1A00C9A900ACF27D /* Debug */,
				31EB99FD1A00C9A900ACF27D /* Release */,
			);
			defaultConfigurationIsVisible = 0;
			defaultConfigurationName = Release;
		};
		31EB99FE1A00C9A900ACF27D /* Build configuration list for PBXNativeTarget "iZhyk" */ = {
			isa = XCConfigurationList;
			buildConfigurations = (
				31EB99FF1A00C9A900ACF27D /* Debug */,
				31EB9A001A00C9A900ACF27D /* Release */,
			);
			defaultConfigurationIsVisible = 0;
			defaultConfigurationName = Release;
		};
		31EB9A011A00C9A900ACF27D /* Build configuration list for PBXNativeTarget "iZhykTests" */ = {
			isa = XCConfigurationList;
			buildConfigurations = (
				31EB9A021A00C9A900ACF27D /* Debug */,
				31EB9A031A00C9A900ACF27D /* Release */,
			);
			defaultConfigurationIsVisible = 0;
			defaultConfigurationName = Release;
		};
/* End XCConfigurationList section */
	};
	rootObject = 31EB99D31A00C9A900ACF27D /* Project object */;
}
